
Microsoft Visual Studio Solution File, Format Version 12.00
# Visual Studio Version 16
VisualStudioVersion = 16.0.31911.196
MinimumVisualStudioVersion = 10.0.40219.1
Project("{9A19103F-16F7-4668-BE54-9A1E7A4F7556}") = "Example.Iterative.Yield", "Example.Iterative.Yield.csproj", "{40C46215-9941-4358-B112-0FAADB5310FB}"
EndProject
Global
	GlobalSection(SolutionConfigurationPlatforms) = preSolution
		Debug|Any CPU = Debug|Any CPU
		Release|Any CPU = Release|Any CPU
	EndGlobalSection
	GlobalSection(ProjectConfigurationPlatforms) = postSolution
		{40C46215-9941-4358-B112-0FAADB5310FB}.Debug|Any CPU.ActiveCfg = Debug|Any CPU
		{40C46215-9941-4358-B112-0FAADB5310FB}.Debug|Any CPU.Build.0 = Debug|Any CPU
		{40C46215-9941-4358-B112-0FAADB5310FB}.Release|Any CPU.ActiveCfg = Release|Any CPU
		{40C46215-9941-4358-B112-0FAADB5310FB}.Release|Any CPU.Build.0 = Release|Any CPU
	EndGlobalSection
	GlobalSection(SolutionProperties) = preSolution
		HideSolutionNode = FALSE
	EndGlobalSection
	GlobalSection(ExtensibilityGlobals) = postSolution
		SolutionGuid = {4D5D969C-6713-4A51-B6E4-3D3A66D0B9BC}
	EndGlobalSection
EndGlobal
